
Microsoft Visual Studio Solution File, Format Version 12.00
# Visual Studio 15
VisualStudioVersion = 15.0.27703.2018
MinimumVisualStudioVersion = 10.0.40219.1
Project("{9A19103F-16F7-4668-BE54-9A1E7A4F7556}") = "OrderProcessingSystem", "OrderProcessingSystem\OrderProcessingSystem.csproj", "{825D2CFA-1C72-4AF8-A2C9-D24F9CF50E66}"
EndProject
Project("{9A19103F-16F7-4668-BE54-9A1E7A4F7556}") = "Order.RuleEngine", "Order.RuleEngine\Order.RuleEngine.csproj", "{60C2AA6B-61D8-4A29-A1B3-8E72EA415167}"
EndProject
Project("{9A19103F-16F7-4668-BE54-9A1E7A4F7556}") = "OrderProcessingTest", "OrderProcessingTest\OrderProcessingTest.csproj", "{2D70FFB0-5AF7-4608-9599-B2558C63B954}"
EndProject
Project("{FAE04EC0-301F-11D3-BF4B-00C04F79EFBC}") = "Order.Domain", "Order.Domain\Order.Domain.csproj", "{E2D7E59B-F2C8-43D0-A81F-9A1038081AE6}"
EndProject
Global
	GlobalSection(SolutionConfigurationPlatforms) = preSolution
		Debug|Any CPU = Debug|Any CPU
		Release|Any CPU = Release|Any CPU
	EndGlobalSection
	GlobalSection(ProjectConfigurationPlatforms) = postSolution
		{825D2CFA-1C72-4AF8-A2C9-D24F9CF50E66}.Debug|Any CPU.ActiveCfg = Debug|Any CPU
		{825D2CFA-1C72-4AF8-A2C9-D24F9CF50E66}.Debug|Any CPU.Build.0 = Debug|Any CPU
		{825D2CFA-1C72-4AF8-A2C9-D24F9CF50E66}.Release|Any CPU.ActiveCfg = Release|Any CPU
		{825D2CFA-1C72-4AF8-A2C9-D24F9CF50E66}.Release|Any CPU.Build.0 = Release|Any CPU
		{60C2AA6B-61D8-4A29-A1B3-8E72EA415167}.Debug|Any CPU.ActiveCfg = Debug|Any CPU
		{60C2AA6B-61D8-4A29-A1B3-8E72EA415167}.Debug|Any CPU.Build.0 = Debug|Any CPU
		{60C2AA6B-61D8-4A29-A1B3-8E72EA415167}.Release|Any CPU.ActiveCfg = Release|Any CPU
		{60C2AA6B-61D8-4A29-A1B3-8E72EA415167}.Release|Any CPU.Build.0 = Release|Any CPU
		{2D70FFB0-5AF7-4608-9599-B2558C63B954}.Debug|Any CPU.ActiveCfg = Debug|Any CPU
		{2D70FFB0-5AF7-4608-9599-B2558C63B954}.Debug|Any CPU.Build.0 = Debug|Any CPU
		{2D70FFB0-5AF7-4608-9599-B2558C63B954}.Release|Any CPU.ActiveCfg = Release|Any CPU
		{2D70FFB0-5AF7-4608-9599-B2558C63B954}.Release|Any CPU.Build.0 = Release|Any CPU
		{E2D7E59B-F2C8-43D0-A81F-9A1038081AE6}.Debug|Any CPU.ActiveCfg = Debug|Any CPU
		{E2D7E59B-F2C8-43D0-A81F-9A1038081AE6}.Debug|Any CPU.Build.0 = Debug|Any CPU
		{E2D7E59B-F2C8-43D0-A81F-9A1038081AE6}.Release|Any CPU.ActiveCfg = Release|Any CPU
		{E2D7E59B-F2C8-43D0-A81F-9A1038081AE6}.Release|Any CPU.Build.0 = Release|Any CPU
	EndGlobalSection
	GlobalSection(SolutionProperties) = preSolution
		HideSolutionNode = FALSE
	EndGlobalSection
	GlobalSection(ExtensibilityGlobals) = postSolution
		SolutionGuid = {544DC60E-A22E-4533-9ACA-285671D7E381}
	EndGlobalSection
EndGlobal
